
Microsoft Visual Studio Solution File, Format Version 12.00
# Visual Studio Version 17
VisualStudioVersion = 17.6.33829.357
MinimumVisualStudioVersion = 10.0.40219.1
Project("{8BC9CEB8-8B4A-11D0-8D11-00A0C91BC942}") = "graphNN_LFM", "graphNN_LFM\graphNN_LFM.vcxproj", "{0206A40A-6AFB-47FD-AF77-0EDE4026D8B6}"
EndProject
Global
	GlobalSection(SolutionConfigurationPlatforms) = preSolution
		Debug|x64 = Debug|x64
		Debug|x86 = Debug|x86
		Release|x64 = Release|x64
		Release|x86 = Release|x86
	EndGlobalSection
	GlobalSection(ProjectConfigurationPlatforms) = postSolution
		{0206A40A-6AFB-47FD-AF77-0EDE4026D8B6}.Debug|x64.ActiveCfg = Debug|x64
		{0206A40A-6AFB-47FD-AF77-0EDE4026D8B6}.Debug|x64.Build.0 = Debug|x64
		{0206A40A-6AFB-47FD-AF77-0EDE4026D8B6}.Debug|x86.ActiveCfg = Debug|Win32
		{0206A40A-6AFB-47FD-AF77-0EDE4026D8B6}.Debug|x86.Build.0 = Debug|Win32
		{0206A40A-6AFB-47FD-AF77-0EDE4026D8B6}.Release|x64.ActiveCfg = Release|x64
		{0206A40A-6AFB-47FD-AF77-0EDE4026D8B6}.Release|x64.Build.0 = Release|x64
		{0206A40A-6AFB-47FD-AF77-0EDE4026D8B6}.Release|x86.ActiveCfg = Release|Win32
		{0206A40A-6AFB-47FD-AF77-0EDE4026D8B6}.Release|x86.Build.0 = Release|Win32
	EndGlobalSection
	GlobalSection(SolutionProperties) = preSolution
		HideSolutionNode = FALSE
	EndGlobalSection
	GlobalSection(ExtensibilityGlobals) = postSolution
		SolutionGuid = {EBDC9C38-49C5-426F-8D12-6E858E1CA0E3}
	EndGlobalSection
EndGlobal
